
Microsoft Visual Studio Solution File, Format Version 12.00
# Visual Studio Version 17
VisualStudioVersion = 17.9.34616.47
MinimumVisualStudioVersion = 10.0.40219.1
Project("{FAE04EC0-301F-11D3-BF4B-00C04F79EFBC}") = "Exercicio02", "Exercicio02\Exercicio02.csproj", "{A59ACDA2-F125-411D-A69D-0C5D49C67903}"
EndProject
Global
	GlobalSection(SolutionConfigurationPlatforms) = preSolution
		Debug|Any CPU = Debug|Any CPU
		Release|Any CPU = Release|Any CPU
	EndGlobalSection
	GlobalSection(ProjectConfigurationPlatforms) = postSolution
		{A59ACDA2-F125-411D-A69D-0C5D49C67903}.Debug|Any CPU.ActiveCfg = Debug|Any CPU
		{A59ACDA2-F125-411D-A69D-0C5D49C67903}.Debug|Any CPU.Build.0 = Debug|Any CPU
		{A59ACDA2-F125-411D-A69D-0C5D49C67903}.Release|Any CPU.ActiveCfg = Release|Any CPU
		{A59ACDA2-F125-411D-A69D-0C5D49C67903}.Release|Any CPU.Build.0 = Release|Any CPU
	EndGlobalSection
	GlobalSection(SolutionProperties) = preSolution
		HideSolutionNode = FALSE
	EndGlobalSection
	GlobalSection(ExtensibilityGlobals) = postSolution
		SolutionGuid = {4DEF763E-B6B1-42C8-806E-5C556BC420A3}
	EndGlobalSection
EndGlobal
