
Microsoft Visual Studio Solution File, Format Version 12.00
# Visual Studio Version 17
VisualStudioVersion = 17.9.34616.47
MinimumVisualStudioVersion = 10.0.40219.1
Project("{FAE04EC0-301F-11D3-BF4B-00C04F79EFBC}") = "Exemplo03_TresNumeros_Encadeado", "Exemplo03_TresNumeros_Encadeado\Exemplo03_TresNumeros_Encadeado.csproj", "{4BB35E33-608F-49CD-872C-2977E675DD38}"
EndProject
Global
	GlobalSection(SolutionConfigurationPlatforms) = preSolution
		Debug|Any CPU = Debug|Any CPU
		Release|Any CPU = Release|Any CPU
	EndGlobalSection
	GlobalSection(ProjectConfigurationPlatforms) = postSolution
		{4BB35E33-608F-49CD-872C-2977E675DD38}.Debug|Any CPU.ActiveCfg = Debug|Any CPU
		{4BB35E33-608F-49CD-872C-2977E675DD38}.Debug|Any CPU.Build.0 = Debug|Any CPU
		{4BB35E33-608F-49CD-872C-2977E675DD38}.Release|Any CPU.ActiveCfg = Release|Any CPU
		{4BB35E33-608F-49CD-872C-2977E675DD38}.Release|Any CPU.Build.0 = Release|Any CPU
	EndGlobalSection
	GlobalSection(SolutionProperties) = preSolution
		HideSolutionNode = FALSE
	EndGlobalSection
	GlobalSection(ExtensibilityGlobals) = postSolution
		SolutionGuid = {664F9B3D-62A7-4D5E-B5A1-79A56F957066}
	EndGlobalSection
EndGlobal
